
Microsoft Visual Studio Solution File, Format Version 12.00
# Visual Studio Version 16
VisualStudioVersion = 16.0.31729.503
MinimumVisualStudioVersion = 10.0.40219.1
Project("{FAE04EC0-301F-11D3-BF4B-00C04F79EFBC}") = "AcademyWebApplication", "AcademyWebApplication.csproj", "{8AF071CA-663B-4AEA-8B21-DD7D6EA2846F}"
EndProject
Global
	GlobalSection(SolutionConfigurationPlatforms) = preSolution
		Debug|Any CPU = Debug|Any CPU
		Release|Any CPU = Release|Any CPU
	EndGlobalSection
	GlobalSection(ProjectConfigurationPlatforms) = postSolution
		{8AF071CA-663B-4AEA-8B21-DD7D6EA2846F}.Debug|Any CPU.ActiveCfg = Debug|Any CPU
		{8AF071CA-663B-4AEA-8B21-DD7D6EA2846F}.Debug|Any CPU.Build.0 = Debug|Any CPU
		{8AF071CA-663B-4AEA-8B21-DD7D6EA2846F}.Release|Any CPU.ActiveCfg = Release|Any CPU
		{8AF071CA-663B-4AEA-8B21-DD7D6EA2846F}.Release|Any CPU.Build.0 = Release|Any CPU
	EndGlobalSection
	GlobalSection(SolutionProperties) = preSolution
		HideSolutionNode = FALSE
	EndGlobalSection
	GlobalSection(ExtensibilityGlobals) = postSolution
		SolutionGuid = {E12E4EA9-28AA-43B0-A48D-26AAEDA83017}
	EndGlobalSection
EndGlobal
